
Microsoft Visual Studio Solution File, Format Version 12.00
# Visual Studio Version 17
VisualStudioVersion = 17.3.32811.315
MinimumVisualStudioVersion = 10.0.40219.1
Project("{9A19103F-16F7-4668-BE54-9A1E7A4F7556}") = "DoomPortable", "DoomPortable\DoomPortable.csproj", "{7A56E7C8-0311-4317-9F4E-0086C227ECDB}"
	ProjectSection(ProjectDependencies) = postProject
		{A4E4E947-2D7F-4B52-98A2-1FDA9CE739E6} = {A4E4E947-2D7F-4B52-98A2-1FDA9CE739E6}
	EndProjectSection
EndProject
Project("{8BC9CEB8-8B4A-11D0-8D11-00A0C91BC942}") = "Doom", "Doom\Doom.vcxproj", "{A4E4E947-2D7F-4B52-98A2-1FDA9CE739E6}"
EndProject
Project("{2150E333-8FDC-42A3-9474-1A3956D46DE8}") = "Solution Items", "Solution Items", "{5A873BE7-92A8-4CD8-B421-B31CE6AE8C81}"
	ProjectSection(SolutionItems) = preProject
		Corlib.dll = Corlib.dll
		LibC.lib = LibC.lib
		MOOS.h = MOOS.h
	EndProjectSection
EndProject
Global
	GlobalSection(SolutionConfigurationPlatforms) = preSolution
		Debug|Any CPU = Debug|Any CPU
		Debug|x64 = Debug|x64
		Debug|x86 = Debug|x86
		Release|Any CPU = Release|Any CPU
		Release|x64 = Release|x64
		Release|x86 = Release|x86
	EndGlobalSection
	GlobalSection(ProjectConfigurationPlatforms) = postSolution
		{7A56E7C8-0311-4317-9F4E-0086C227ECDB}.Debug|Any CPU.ActiveCfg = Debug|Any CPU
		{7A56E7C8-0311-4317-9F4E-0086C227ECDB}.Debug|Any CPU.Build.0 = Debug|Any CPU
		{7A56E7C8-0311-4317-9F4E-0086C227ECDB}.Debug|x64.ActiveCfg = Debug|Any CPU
		{7A56E7C8-0311-4317-9F4E-0086C227ECDB}.Debug|x64.Build.0 = Debug|Any CPU
		{7A56E7C8-0311-4317-9F4E-0086C227ECDB}.Debug|x86.ActiveCfg = Debug|Any CPU
		{7A56E7C8-0311-4317-9F4E-0086C227ECDB}.Debug|x86.Build.0 = Debug|Any CPU
		{7A56E7C8-0311-4317-9F4E-0086C227ECDB}.Release|Any CPU.ActiveCfg = Release|Any CPU
		{7A56E7C8-0311-4317-9F4E-0086C227ECDB}.Release|Any CPU.Build.0 = Release|Any CPU
		{7A56E7C8-0311-4317-9F4E-0086C227ECDB}.Release|x64.ActiveCfg = Release|Any CPU
		{7A56E7C8-0311-4317-9F4E-0086C227ECDB}.Release|x64.Build.0 = Release|Any CPU
		{7A56E7C8-0311-4317-9F4E-0086C227ECDB}.Release|x86.ActiveCfg = Release|Any CPU
		{7A56E7C8-0311-4317-9F4E-0086C227ECDB}.Release|x86.Build.0 = Release|Any CPU
		{A4E4E947-2D7F-4B52-98A2-1FDA9CE739E6}.Debug|Any CPU.ActiveCfg = Debug|x64
		{A4E4E947-2D7F-4B52-98A2-1FDA9CE739E6}.Debug|Any CPU.Build.0 = Debug|x64
		{A4E4E947-2D7F-4B52-98A2-1FDA9CE739E6}.Debug|x64.ActiveCfg = Debug|x64
		{A4E4E947-2D7F-4B52-98A2-1FDA9CE739E6}.Debug|x64.Build.0 = Debug|x64
		{A4E4E947-2D7F-4B52-98A2-1FDA9CE739E6}.Debug|x86.ActiveCfg = Debug|Win32
		{A4E4E947-2D7F-4B52-98A2-1FDA9CE739E6}.Debug|x86.Build.0 = Debug|Win32
		{A4E4E947-2D7F-4B52-98A2-1FDA9CE739E6}.Release|Any CPU.ActiveCfg = Release|x64
		{A4E4E947-2D7F-4B52-98A2-1FDA9CE739E6}.Release|Any CPU.Build.0 = Release|x64
		{A4E4E947-2D7F-4B52-98A2-1FDA9CE739E6}.Release|x64.ActiveCfg = Release|x64
		{A4E4E947-2D7F-4B52-98A2-1FDA9CE739E6}.Release|x64.Build.0 = Release|x64
		{A4E4E947-2D7F-4B52-98A2-1FDA9CE739E6}.Release|x86.ActiveCfg = Release|Win32
		{A4E4E947-2D7F-4B52-98A2-1FDA9CE739E6}.Release|x86.Build.0 = Release|Win32
	EndGlobalSection
	GlobalSection(SolutionProperties) = preSolution
		HideSolutionNode = FALSE
	EndGlobalSection
	GlobalSection(ExtensibilityGlobals) = postSolution
		SolutionGuid = {778B9686-7033-44E9-A076-892359D1B0F3}
	EndGlobalSection
EndGlobal
